
Microsoft Visual Studio Solution File, Format Version 12.00
# Visual Studio 2012
Project("{FAE04EC0-301F-11D3-BF4B-00C04F79EFBC}") = "GPSTran", "GPSTran\GPSTran.csproj", "{6597B9F3-FB58-4AD7-91F0-5BCAEB092B41}"
EndProject
Project("{FAE04EC0-301F-11D3-BF4B-00C04F79EFBC}") = "Common", "Common\Common.csproj", "{057CEF13-15DF-4EEE-9195-FB0B408F5B2E}"
EndProject
Project("{FAE04EC0-301F-11D3-BF4B-00C04F79EFBC}") = "TaiZhouPGIS2", "TaiZhouPGIS2\TaiZhouPGIS2.csproj", "{7D940FA3-36C9-4CD8-AFBD-62C86C75255C}"
EndProject
Project("{FAE04EC0-301F-11D3-BF4B-00C04F79EFBC}") = "ShaoXingPGIS", "ShaoXingPGIS\ShaoXingPGIS.csproj", "{195AF078-755C-4B92-B47F-F9E47168B053}"
EndProject
Project("{FAE04EC0-301F-11D3-BF4B-00C04F79EFBC}") = "TaiZhouPGIS3", "TaiZhouPGIS3\TaiZhouPGIS3.csproj", "{81208A95-D302-4DA7-84C2-9498AB5399E8}"
EndProject
Project("{FAE04EC0-301F-11D3-BF4B-00C04F79EFBC}") = "UpdateAndSetup", "UpdateAndSetup\UpdateAndSetup.csproj", "{F182AF1A-B392-495F-BF2D-651B32D14561}"
EndProject
Project("{FAE04EC0-301F-11D3-BF4B-00C04F79EFBC}") = "NeiMeng_UDP_2", "NeiMeng_UDP_2\NeiMeng_UDP_2.csproj", "{4B89DBE6-FEC8-4D08-9822-789387D6A0BF}"
EndProject
Project("{FAE04EC0-301F-11D3-BF4B-00C04F79EFBC}") = "LiaoNing_TCP_1", "LiaoNing_TCP_1\LiaoNing_TCP_1.csproj", "{ABB3C939-6FE3-4F4D-B559-B6A222805CED}"
EndProject
Project("{FAE04EC0-301F-11D3-BF4B-00C04F79EFBC}") = "HuaiBei_TCP_0", "HuaiBei_TCP_0\HuaiBei_TCP_0.csproj", "{8E5ED8BE-EAC4-46B0-A41C-44BC65BFF19D}"
EndProject
Project("{FAE04EC0-301F-11D3-BF4B-00C04F79EFBC}") = "HangZhou_UDP_1", "HangZhou_UDP_1\HangZhou_UDP_1.csproj", "{F7494D7A-20A5-45A6-8D2B-55F3DC428879}"
EndProject
Project("{FAE04EC0-301F-11D3-BF4B-00C04F79EFBC}") = "Eastcom_UDP_1", "Eastcom_UDP_1\Eastcom_UDP_1.csproj", "{ACB4D398-B0B6-417E-AEA8-2F4C28E0EC00}"
EndProject
Project("{FAE04EC0-301F-11D3-BF4B-00C04F79EFBC}") = "SiChuan_TCP_1", "SiChuan_TCP_1\SiChuan_TCP_1.csproj", "{036970A1-80CD-4F78-A1E3-67EA750D01DD}"
EndProject
Project("{FAE04EC0-301F-11D3-BF4B-00C04F79EFBC}") = "NeiMengRemoteIP", "NeiMengRemoteIP\NeiMengRemoteIP.csproj", "{A29515D0-0F55-401A-B67E-C133AF579868}"
EndProject
Project("{FAE04EC0-301F-11D3-BF4B-00C04F79EFBC}") = "HangZhou_UDP_2", "HangZhou_UDP_2\HangZhou_UDP_2.csproj", "{7641E6DF-5757-4150-BA28-5A631239B05E}"
EndProject
Project("{FAE04EC0-301F-11D3-BF4B-00C04F79EFBC}") = "HangZhou_DB_1", "HangZhou_DB_1\HangZhou_DB_1.csproj", "{44E1C0AD-A1C5-4CD7-9A47-0E5E00B768C1}"
EndProject
Project("{FAE04EC0-301F-11D3-BF4B-00C04F79EFBC}") = "GuangDong_DB_1", "GuangDong_DB_1\GuangDong_DB_1.csproj", "{375663F4-1FB1-462A-89F8-E0853BBB6B24}"
EndProject
Project("{FAE04EC0-301F-11D3-BF4B-00C04F79EFBC}") = "LiaoNing_UDP_1", "LiaoNing_UDP_1\LiaoNing_UDP_1.csproj", "{6696A18F-BF53-448F-A920-845D23972221}"
EndProject
Project("{FAE04EC0-301F-11D3-BF4B-00C04F79EFBC}") = "Lte_UDP_1", "Lte_UDP_1\Lte_UDP_1.csproj", "{F04F9C97-5EB0-47CE-882F-B3C71BF3E333}"
EndProject
Project("{FAE04EC0-301F-11D3-BF4B-00C04F79EFBC}") = "ShanDong_TCP_1", "ShanDong_TCP_1\ShanDong_TCP_1.csproj", "{99AD1D9F-6EDF-445A-8226-E612AC3D6B9C}"
EndProject
Project("{FAE04EC0-301F-11D3-BF4B-00C04F79EFBC}") = "GuangDong_DB_2", "GuangDong_DB_2\GuangDong_DB_2.csproj", "{24E4CA31-8648-4CBF-943C-42C37BCADC63}"
EndProject
Project("{FAE04EC0-301F-11D3-BF4B-00C04F79EFBC}") = "ShanXi_UDP_1", "ShanXi_UDP_1\ShanXi_UDP_1.csproj", "{D7FF2115-8C88-4420-9439-628D430C8C7D}"
EndProject
Project("{FAE04EC0-301F-11D3-BF4B-00C04F79EFBC}") = "NewUDP_1", "NewUDP_1\NewUDP_1.csproj", "{BDB0651F-0A51-46AE-AFB0-96EE83C75D9B}"
EndProject
Project("{FAE04EC0-301F-11D3-BF4B-00C04F79EFBC}") = "HangZhou_DB_2", "HangZhou_DB_2\HangZhou_DB_2.csproj", "{CF02651D-DBF6-4803-A2E2-4456E633D140}"
EndProject
Project("{FAE04EC0-301F-11D3-BF4B-00C04F79EFBC}") = "ShiJiaZhuangUDP9", "ShiJiaZhuangUDP9\ShiJiaZhuangUDP9.csproj", "{E080AFAF-C05F-456D-86AB-765F14E04655}"
EndProject
Project("{FAE04EC0-301F-11D3-BF4B-00C04F79EFBC}") = "FieldStrength_DB_1", "FieldStrength_DB_1\FieldStrength_DB_1.csproj", "{7E1F6CF0-D943-46CD-8DEC-D43927ABEC75}"
EndProject
Global
	GlobalSection(SolutionConfigurationPlatforms) = preSolution
		CD_ROM|Any CPU = CD_ROM|Any CPU
		Debug|Any CPU = Debug|Any CPU
		DVD-5|Any CPU = DVD-5|Any CPU
		Release|Any CPU = Release|Any CPU
		SingleImage|Any CPU = SingleImage|Any CPU
	EndGlobalSection
	GlobalSection(ProjectConfigurationPlatforms) = postSolution
		{6597B9F3-FB58-4AD7-91F0-5BCAEB092B41}.CD_ROM|Any CPU.ActiveCfg = Release|Any CPU
		{6597B9F3-FB58-4AD7-91F0-5BCAEB092B41}.CD_ROM|Any CPU.Build.0 = Release|Any CPU
		{6597B9F3-FB58-4AD7-91F0-5BCAEB092B41}.Debug|Any CPU.ActiveCfg = Debug|Any CPU
		{6597B9F3-FB58-4AD7-91F0-5BCAEB092B41}.Debug|Any CPU.Build.0 = Debug|Any CPU
		{6597B9F3-FB58-4AD7-91F0-5BCAEB092B41}.DVD-5|Any CPU.ActiveCfg = Debug|Any CPU
		{6597B9F3-FB58-4AD7-91F0-5BCAEB092B41}.DVD-5|Any CPU.Build.0 = Debug|Any CPU
		{6597B9F3-FB58-4AD7-91F0-5BCAEB092B41}.Release|Any CPU.ActiveCfg = Release|Any CPU
		{6597B9F3-FB58-4AD7-91F0-5BCAEB092B41}.Release|Any CPU.Build.0 = Release|Any CPU
		{6597B9F3-FB58-4AD7-91F0-5BCAEB092B41}.SingleImage|Any CPU.ActiveCfg = Release|Any CPU
		{6597B9F3-FB58-4AD7-91F0-5BCAEB092B41}.SingleImage|Any CPU.Build.0 = Release|Any CPU
		{057CEF13-15DF-4EEE-9195-FB0B408F5B2E}.CD_ROM|Any CPU.ActiveCfg = Release|Any CPU
		{057CEF13-15DF-4EEE-9195-FB0B408F5B2E}.CD_ROM|Any CPU.Build.0 = Release|Any CPU
		{057CEF13-15DF-4EEE-9195-FB0B408F5B2E}.Debug|Any CPU.ActiveCfg = Debug|Any CPU
		{057CEF13-15DF-4EEE-9195-FB0B408F5B2E}.Debug|Any CPU.Build.0 = Debug|Any CPU
		{057CEF13-15DF-4EEE-9195-FB0B408F5B2E}.DVD-5|Any CPU.ActiveCfg = Debug|Any CPU
		{057CEF13-15DF-4EEE-9195-FB0B408F5B2E}.DVD-5|Any CPU.Build.0 = Debug|Any CPU
		{057CEF13-15DF-4EEE-9195-FB0B408F5B2E}.Release|Any CPU.ActiveCfg = Release|Any CPU
		{057CEF13-15DF-4EEE-9195-FB0B408F5B2E}.Release|Any CPU.Build.0 = Release|Any CPU
		{057CEF13-15DF-4EEE-9195-FB0B408F5B2E}.SingleImage|Any CPU.ActiveCfg = Release|Any CPU
		{057CEF13-15DF-4EEE-9195-FB0B408F5B2E}.SingleImage|Any CPU.Build.0 = Release|Any CPU
		{7D940FA3-36C9-4CD8-AFBD-62C86C75255C}.CD_ROM|Any CPU.ActiveCfg = Release|Any CPU
		{7D940FA3-36C9-4CD8-AFBD-62C86C75255C}.CD_ROM|Any CPU.Build.0 = Release|Any CPU
		{7D940FA3-36C9-4CD8-AFBD-62C86C75255C}.Debug|Any CPU.ActiveCfg = Debug|Any CPU
		{7D940FA3-36C9-4CD8-AFBD-62C86C75255C}.Debug|Any CPU.Build.0 = Debug|Any CPU
		{7D940FA3-36C9-4CD8-AFBD-62C86C75255C}.DVD-5|Any CPU.ActiveCfg = Debug|Any CPU
		{7D940FA3-36C9-4CD8-AFBD-62C86C75255C}.DVD-5|Any CPU.Build.0 = Debug|Any CPU
		{7D940FA3-36C9-4CD8-AFBD-62C86C75255C}.Release|Any CPU.ActiveCfg = Release|Any CPU
		{7D940FA3-36C9-4CD8-AFBD-62C86C75255C}.Release|Any CPU.Build.0 = Release|Any CPU
		{7D940FA3-36C9-4CD8-AFBD-62C86C75255C}.SingleImage|Any CPU.ActiveCfg = Release|Any CPU
		{7D940FA3-36C9-4CD8-AFBD-62C86C75255C}.SingleImage|Any CPU.Build.0 = Release|Any CPU
		{195AF078-755C-4B92-B47F-F9E47168B053}.CD_ROM|Any CPU.ActiveCfg = Release|Any CPU
		{195AF078-755C-4B92-B47F-F9E47168B053}.CD_ROM|Any CPU.Build.0 = Release|Any CPU
		{195AF078-755C-4B92-B47F-F9E47168B053}.Debug|Any CPU.ActiveCfg = Debug|Any CPU
		{195AF078-755C-4B92-B47F-F9E47168B053}.Debug|Any CPU.Build.0 = Debug|Any CPU
		{195AF078-755C-4B92-B47F-F9E47168B053}.DVD-5|Any CPU.ActiveCfg = Debug|Any CPU
		{195AF078-755C-4B92-B47F-F9E47168B053}.DVD-5|Any CPU.Build.0 = Debug|Any CPU
		{195AF078-755C-4B92-B47F-F9E47168B053}.Release|Any CPU.ActiveCfg = Release|Any CPU
		{195AF078-755C-4B92-B47F-F9E47168B053}.Release|Any CPU.Build.0 = Release|Any CPU
		{195AF078-755C-4B92-B47F-F9E47168B053}.SingleImage|Any CPU.ActiveCfg = Release|Any CPU
		{195AF078-755C-4B92-B47F-F9E47168B053}.SingleImage|Any CPU.Build.0 = Release|Any CPU
		{81208A95-D302-4DA7-84C2-9498AB5399E8}.CD_ROM|Any CPU.ActiveCfg = Release|Any CPU
		{81208A95-D302-4DA7-84C2-9498AB5399E8}.CD_ROM|Any CPU.Build.0 = Release|Any CPU
		{81208A95-D302-4DA7-84C2-9498AB5399E8}.Debug|Any CPU.ActiveCfg = Debug|Any CPU
		{81208A95-D302-4DA7-84C2-9498AB5399E8}.Debug|Any CPU.Build.0 = Debug|Any CPU
		{81208A95-D302-4DA7-84C2-9498AB5399E8}.DVD-5|Any CPU.ActiveCfg = Debug|Any CPU
		{81208A95-D302-4DA7-84C2-9498AB5399E8}.DVD-5|Any CPU.Build.0 = Debug|Any CPU
		{81208A95-D302-4DA7-84C2-9498AB5399E8}.Release|Any CPU.ActiveCfg = Release|Any CPU
		{81208A95-D302-4DA7-84C2-9498AB5399E8}.Release|Any CPU.Build.0 = Release|Any CPU
		{81208A95-D302-4DA7-84C2-9498AB5399E8}.SingleImage|Any CPU.ActiveCfg = Release|Any CPU
		{81208A95-D302-4DA7-84C2-9498AB5399E8}.SingleImage|Any CPU.Build.0 = Release|Any CPU
		{F182AF1A-B392-495F-BF2D-651B32D14561}.CD_ROM|Any CPU.ActiveCfg = Release|Any CPU
		{F182AF1A-B392-495F-BF2D-651B32D14561}.CD_ROM|Any CPU.Build.0 = Release|Any CPU
		{F182AF1A-B392-495F-BF2D-651B32D14561}.Debug|Any CPU.ActiveCfg = Debug|Any CPU
		{F182AF1A-B392-495F-BF2D-651B32D14561}.Debug|Any CPU.Build.0 = Debug|Any CPU
		{F182AF1A-B392-495F-BF2D-651B32D14561}.DVD-5|Any CPU.ActiveCfg = Debug|Any CPU
		{F182AF1A-B392-495F-BF2D-651B32D14561}.DVD-5|Any CPU.Build.0 = Debug|Any CPU
		{F182AF1A-B392-495F-BF2D-651B32D14561}.Release|Any CPU.ActiveCfg = Release|Any CPU
		{F182AF1A-B392-495F-BF2D-651B32D14561}.Release|Any CPU.Build.0 = Release|Any CPU
		{F182AF1A-B392-495F-BF2D-651B32D14561}.SingleImage|Any CPU.ActiveCfg = Release|Any CPU
		{F182AF1A-B392-495F-BF2D-651B32D14561}.SingleImage|Any CPU.Build.0 = Release|Any CPU
		{4B89DBE6-FEC8-4D08-9822-789387D6A0BF}.CD_ROM|Any CPU.ActiveCfg = Release|Any CPU
		{4B89DBE6-FEC8-4D08-9822-789387D6A0BF}.CD_ROM|Any CPU.Build.0 = Release|Any CPU
		{4B89DBE6-FEC8-4D08-9822-789387D6A0BF}.Debug|Any CPU.ActiveCfg = Debug|Any CPU
		{4B89DBE6-FEC8-4D08-9822-789387D6A0BF}.Debug|Any CPU.Build.0 = Debug|Any CPU
		{4B89DBE6-FEC8-4D08-9822-789387D6A0BF}.DVD-5|Any CPU.ActiveCfg = Debug|Any CPU
		{4B89DBE6-FEC8-4D08-9822-789387D6A0BF}.DVD-5|Any CPU.Build.0 = Debug|Any CPU
		{4B89DBE6-FEC8-4D08-9822-789387D6A0BF}.Release|Any CPU.ActiveCfg = Release|Any CPU
		{4B89DBE6-FEC8-4D08-9822-789387D6A0BF}.Release|Any CPU.Build.0 = Release|Any CPU
		{4B89DBE6-FEC8-4D08-9822-789387D6A0BF}.SingleImage|Any CPU.ActiveCfg = Release|Any CPU
		{4B89DBE6-FEC8-4D08-9822-789387D6A0BF}.SingleImage|Any CPU.Build.0 = Release|Any CPU
		{ABB3C939-6FE3-4F4D-B559-B6A222805CED}.CD_ROM|Any CPU.ActiveCfg = Release|Any CPU
		{ABB3C939-6FE3-4F4D-B559-B6A222805CED}.CD_ROM|Any CPU.Build.0 = Release|Any CPU
		{ABB3C939-6FE3-4F4D-B559-B6A222805CED}.Debug|Any CPU.ActiveCfg = Debug|Any CPU
		{ABB3C939-6FE3-4F4D-B559-B6A222805CED}.Debug|Any CPU.Build.0 = Debug|Any CPU
		{ABB3C939-6FE3-4F4D-B559-B6A222805CED}.DVD-5|Any CPU.ActiveCfg = Debug|Any CPU
		{ABB3C939-6FE3-4F4D-B559-B6A222805CED}.DVD-5|Any CPU.Build.0 = Debug|Any CPU
		{ABB3C939-6FE3-4F4D-B559-B6A222805CED}.Release|Any CPU.ActiveCfg = Release|Any CPU
		{ABB3C939-6FE3-4F4D-B559-B6A222805CED}.Release|Any CPU.Build.0 = Release|Any CPU
		{ABB3C939-6FE3-4F4D-B559-B6A222805CED}.SingleImage|Any CPU.ActiveCfg = Release|Any CPU
		{ABB3C939-6FE3-4F4D-B559-B6A222805CED}.SingleImage|Any CPU.Build.0 = Release|Any CPU
		{8E5ED8BE-EAC4-46B0-A41C-44BC65BFF19D}.CD_ROM|Any CPU.ActiveCfg = Release|Any CPU
		{8E5ED8BE-EAC4-46B0-A41C-44BC65BFF19D}.CD_ROM|Any CPU.Build.0 = Release|Any CPU
		{8E5ED8BE-EAC4-46B0-A41C-44BC65BFF19D}.Debug|Any CPU.ActiveCfg = Debug|Any CPU
		{8E5ED8BE-EAC4-46B0-A41C-44BC65BFF19D}.Debug|Any CPU.Build.0 = Debug|Any CPU
		{8E5ED8BE-EAC4-46B0-A41C-44BC65BFF19D}.DVD-5|Any CPU.ActiveCfg = Debug|Any CPU
		{8E5ED8BE-EAC4-46B0-A41C-44BC65BFF19D}.DVD-5|Any CPU.Build.0 = Debug|Any CPU
		{8E5ED8BE-EAC4-46B0-A41C-44BC65BFF19D}.Release|Any CPU.ActiveCfg = Release|Any CPU
		{8E5ED8BE-EAC4-46B0-A41C-44BC65BFF19D}.Release|Any CPU.Build.0 = Release|Any CPU
		{8E5ED8BE-EAC4-46B0-A41C-44BC65BFF19D}.SingleImage|Any CPU.ActiveCfg = Release|Any CPU
		{8E5ED8BE-EAC4-46B0-A41C-44BC65BFF19D}.SingleImage|Any CPU.Build.0 = Release|Any CPU
		{F7494D7A-20A5-45A6-8D2B-55F3DC428879}.CD_ROM|Any CPU.ActiveCfg = Release|Any CPU
		{F7494D7A-20A5-45A6-8D2B-55F3DC428879}.CD_ROM|Any CPU.Build.0 = Release|Any CPU
		{F7494D7A-20A5-45A6-8D2B-55F3DC428879}.Debug|Any CPU.ActiveCfg = Debug|Any CPU
		{F7494D7A-20A5-45A6-8D2B-55F3DC428879}.Debug|Any CPU.Build.0 = Debug|Any CPU
		{F7494D7A-20A5-45A6-8D2B-55F3DC428879}.DVD-5|Any CPU.ActiveCfg = Debug|Any CPU
		{F7494D7A-20A5-45A6-8D2B-55F3DC428879}.DVD-5|Any CPU.Build.0 = Debug|Any CPU
		{F7494D7A-20A5-45A6-8D2B-55F3DC428879}.Release|Any CPU.ActiveCfg = Release|Any CPU
		{F7494D7A-20A5-45A6-8D2B-55F3DC428879}.Release|Any CPU.Build.0 = Release|Any CPU
		{F7494D7A-20A5-45A6-8D2B-55F3DC428879}.SingleImage|Any CPU.ActiveCfg = Release|Any CPU
		{F7494D7A-20A5-45A6-8D2B-55F3DC428879}.SingleImage|Any CPU.Build.0 = Release|Any CPU
		{ACB4D398-B0B6-417E-AEA8-2F4C28E0EC00}.CD_ROM|Any CPU.ActiveCfg = Release|Any CPU
		{ACB4D398-B0B6-417E-AEA8-2F4C28E0EC00}.CD_ROM|Any CPU.Build.0 = Release|Any CPU
		{ACB4D398-B0B6-417E-AEA8-2F4C28E0EC00}.Debug|Any CPU.ActiveCfg = Debug|Any CPU
		{ACB4D398-B0B6-417E-AEA8-2F4C28E0EC00}.Debug|Any CPU.Build.0 = Debug|Any CPU
		{ACB4D398-B0B6-417E-AEA8-2F4C28E0EC00}.DVD-5|Any CPU.ActiveCfg = Debug|Any CPU
		{ACB4D398-B0B6-417E-AEA8-2F4C28E0EC00}.DVD-5|Any CPU.Build.0 = Debug|Any CPU
		{ACB4D398-B0B6-417E-AEA8-2F4C28E0EC00}.Release|Any CPU.ActiveCfg = Release|Any CPU
		{ACB4D398-B0B6-417E-AEA8-2F4C28E0EC00}.Release|Any CPU.Build.0 = Release|Any CPU
		{ACB4D398-B0B6-417E-AEA8-2F4C28E0EC00}.SingleImage|Any CPU.ActiveCfg = Release|Any CPU
		{ACB4D398-B0B6-417E-AEA8-2F4C28E0EC00}.SingleImage|Any CPU.Build.0 = Release|Any CPU
		{036970A1-80CD-4F78-A1E3-67EA750D01DD}.CD_ROM|Any CPU.ActiveCfg = Release|Any CPU
		{036970A1-80CD-4F78-A1E3-67EA750D01DD}.CD_ROM|Any CPU.Build.0 = Release|Any CPU
		{036970A1-80CD-4F78-A1E3-67EA750D01DD}.Debug|Any CPU.ActiveCfg = Debug|Any CPU
		{036970A1-80CD-4F78-A1E3-67EA750D01DD}.Debug|Any CPU.Build.0 = Debug|Any CPU
		{036970A1-80CD-4F78-A1E3-67EA750D01DD}.DVD-5|Any CPU.ActiveCfg = Debug|Any CPU
		{036970A1-80CD-4F78-A1E3-67EA750D01DD}.DVD-5|Any CPU.Build.0 = Debug|Any CPU
		{036970A1-80CD-4F78-A1E3-67EA750D01DD}.Release|Any CPU.ActiveCfg = Release|Any CPU
		{036970A1-80CD-4F78-A1E3-67EA750D01DD}.Release|Any CPU.Build.0 = Release|Any CPU
		{036970A1-80CD-4F78-A1E3-67EA750D01DD}.SingleImage|Any CPU.ActiveCfg = Release|Any CPU
		{036970A1-80CD-4F78-A1E3-67EA750D01DD}.SingleImage|Any CPU.Build.0 = Release|Any CPU
		{A29515D0-0F55-401A-B67E-C133AF579868}.CD_ROM|Any CPU.ActiveCfg = Release|Any CPU
		{A29515D0-0F55-401A-B67E-C133AF579868}.CD_ROM|Any CPU.Build.0 = Release|Any CPU
		{A29515D0-0F55-401A-B67E-C133AF579868}.Debug|Any CPU.ActiveCfg = Debug|Any CPU
		{A29515D0-0F55-401A-B67E-C133AF579868}.Debug|Any CPU.Build.0 = Debug|Any CPU
		{A29515D0-0F55-401A-B67E-C133AF579868}.DVD-5|Any CPU.ActiveCfg = Debug|Any CPU
		{A29515D0-0F55-401A-B67E-C133AF579868}.DVD-5|Any CPU.Build.0 = Debug|Any CPU
		{A29515D0-0F55-401A-B67E-C133AF579868}.Release|Any CPU.ActiveCfg = Release|Any CPU
		{A29515D0-0F55-401A-B67E-C133AF579868}.Release|Any CPU.Build.0 = Release|Any CPU
		{A29515D0-0F55-401A-B67E-C133AF579868}.SingleImage|Any CPU.ActiveCfg = Release|Any CPU
		{A29515D0-0F55-401A-B67E-C133AF579868}.SingleImage|Any CPU.Build.0 = Release|Any CPU
		{7641E6DF-5757-4150-BA28-5A631239B05E}.CD_ROM|Any CPU.ActiveCfg = Release|Any CPU
		{7641E6DF-5757-4150-BA28-5A631239B05E}.CD_ROM|Any CPU.Build.0 = Release|Any CPU
		{7641E6DF-5757-4150-BA28-5A631239B05E}.Debug|Any CPU.ActiveCfg = Debug|Any CPU
		{7641E6DF-5757-4150-BA28-5A631239B05E}.Debug|Any CPU.Build.0 = Debug|Any CPU
		{7641E6DF-5757-4150-BA28-5A631239B05E}.DVD-5|Any CPU.ActiveCfg = Debug|Any CPU
		{7641E6DF-5757-4150-BA28-5A631239B05E}.DVD-5|Any CPU.Build.0 = Debug|Any CPU
		{7641E6DF-5757-4150-BA28-5A631239B05E}.Release|Any CPU.ActiveCfg = Release|Any CPU
		{7641E6DF-5757-4150-BA28-5A631239B05E}.Release|Any CPU.Build.0 = Release|Any CPU
		{7641E6DF-5757-4150-BA28-5A631239B05E}.SingleImage|Any CPU.ActiveCfg = Release|Any CPU
		{7641E6DF-5757-4150-BA28-5A631239B05E}.SingleImage|Any CPU.Build.0 = Release|Any CPU
		{44E1C0AD-A1C5-4CD7-9A47-0E5E00B768C1}.CD_ROM|Any CPU.ActiveCfg = Release|Any CPU
		{44E1C0AD-A1C5-4CD7-9A47-0E5E00B768C1}.CD_ROM|Any CPU.Build.0 = Release|Any CPU
		{44E1C0AD-A1C5-4CD7-9A47-0E5E00B768C1}.Debug|Any CPU.ActiveCfg = Debug|Any CPU
		{44E1C0AD-A1C5-4CD7-9A47-0E5E00B768C1}.Debug|Any CPU.Build.0 = Debug|Any CPU
		{44E1C0AD-A1C5-4CD7-9A47-0E5E00B768C1}.DVD-5|Any CPU.ActiveCfg = Debug|Any CPU
		{44E1C0AD-A1C5-4CD7-9A47-0E5E00B768C1}.DVD-5|Any CPU.Build.0 = Debug|Any CPU
		{44E1C0AD-A1C5-4CD7-9A47-0E5E00B768C1}.Release|Any CPU.ActiveCfg = Release|Any CPU
		{44E1C0AD-A1C5-4CD7-9A47-0E5E00B768C1}.Release|Any CPU.Build.0 = Release|Any CPU
		{44E1C0AD-A1C5-4CD7-9A47-0E5E00B768C1}.SingleImage|Any CPU.ActiveCfg = Release|Any CPU
		{44E1C0AD-A1C5-4CD7-9A47-0E5E00B768C1}.SingleImage|Any CPU.Build.0 = Release|Any CPU
		{375663F4-1FB1-462A-89F8-E0853BBB6B24}.CD_ROM|Any CPU.ActiveCfg = Release|Any CPU
		{375663F4-1FB1-462A-89F8-E0853BBB6B24}.CD_ROM|Any CPU.Build.0 = Release|Any CPU
		{375663F4-1FB1-462A-89F8-E0853BBB6B24}.Debug|Any CPU.ActiveCfg = Debug|Any CPU
		{375663F4-1FB1-462A-89F8-E0853BBB6B24}.Debug|Any CPU.Build.0 = Debug|Any CPU
		{375663F4-1FB1-462A-89F8-E0853BBB6B24}.DVD-5|Any CPU.ActiveCfg = Debug|Any CPU
		{375663F4-1FB1-462A-89F8-E0853BBB6B24}.DVD-5|Any CPU.Build.0 = Debug|Any CPU
		{375663F4-1FB1-462A-89F8-E0853BBB6B24}.Release|Any CPU.ActiveCfg = Release|Any CPU
		{375663F4-1FB1-462A-89F8-E0853BBB6B24}.Release|Any CPU.Build.0 = Release|Any CPU
		{375663F4-1FB1-462A-89F8-E0853BBB6B24}.SingleImage|Any CPU.ActiveCfg = Release|Any CPU
		{375663F4-1FB1-462A-89F8-E0853BBB6B24}.SingleImage|Any CPU.Build.0 = Release|Any CPU
		{6696A18F-BF53-448F-A920-845D23972221}.CD_ROM|Any CPU.ActiveCfg = Release|Any CPU
		{6696A18F-BF53-448F-A920-845D23972221}.CD_ROM|Any CPU.Build.0 = Release|Any CPU
		{6696A18F-BF53-448F-A920-845D23972221}.Debug|Any CPU.ActiveCfg = Debug|Any CPU
		{6696A18F-BF53-448F-A920-845D23972221}.Debug|Any CPU.Build.0 = Debug|Any CPU
		{6696A18F-BF53-448F-A920-845D23972221}.DVD-5|Any CPU.ActiveCfg = Debug|Any CPU
		{6696A18F-BF53-448F-A920-845D23972221}.DVD-5|Any CPU.Build.0 = Debug|Any CPU
		{6696A18F-BF53-448F-A920-845D23972221}.Release|Any CPU.ActiveCfg = Release|Any CPU
		{6696A18F-BF53-448F-A920-845D23972221}.Release|Any CPU.Build.0 = Release|Any CPU
		{6696A18F-BF53-448F-A920-845D23972221}.SingleImage|Any CPU.ActiveCfg = Release|Any CPU
		{6696A18F-BF53-448F-A920-845D23972221}.SingleImage|Any CPU.Build.0 = Release|Any CPU
		{F04F9C97-5EB0-47CE-882F-B3C71BF3E333}.CD_ROM|Any CPU.ActiveCfg = Release|Any CPU
		{F04F9C97-5EB0-47CE-882F-B3C71BF3E333}.CD_ROM|Any CPU.Build.0 = Release|Any CPU
		{F04F9C97-5EB0-47CE-882F-B3C71BF3E333}.Debug|Any CPU.ActiveCfg = Debug|Any CPU
		{F04F9C97-5EB0-47CE-882F-B3C71BF3E333}.Debug|Any CPU.Build.0 = Debug|Any CPU
		{F04F9C97-5EB0-47CE-882F-B3C71BF3E333}.DVD-5|Any CPU.ActiveCfg = Debug|Any CPU
		{F04F9C97-5EB0-47CE-882F-B3C71BF3E333}.DVD-5|Any CPU.Build.0 = Debug|Any CPU
		{F04F9C97-5EB0-47CE-882F-B3C71BF3E333}.Release|Any CPU.ActiveCfg = Release|Any CPU
		{F04F9C97-5EB0-47CE-882F-B3C71BF3E333}.Release|Any CPU.Build.0 = Release|Any CPU
		{F04F9C97-5EB0-47CE-882F-B3C71BF3E333}.SingleImage|Any CPU.ActiveCfg = Release|Any CPU
		{F04F9C97-5EB0-47CE-882F-B3C71BF3E333}.SingleImage|Any CPU.Build.0 = Release|Any CPU
		{99AD1D9F-6EDF-445A-8226-E612AC3D6B9C}.CD_ROM|Any CPU.ActiveCfg = Release|Any CPU
		{99AD1D9F-6EDF-445A-8226-E612AC3D6B9C}.CD_ROM|Any CPU.Build.0 = Release|Any CPU
		{99AD1D9F-6EDF-445A-8226-E612AC3D6B9C}.Debug|Any CPU.ActiveCfg = Debug|Any CPU
		{99AD1D9F-6EDF-445A-8226-E612AC3D6B9C}.Debug|Any CPU.Build.0 = Debug|Any CPU
		{99AD1D9F-6EDF-445A-8226-E612AC3D6B9C}.DVD-5|Any CPU.ActiveCfg = Debug|Any CPU
		{99AD1D9F-6EDF-445A-8226-E612AC3D6B9C}.DVD-5|Any CPU.Build.0 = Debug|Any CPU
		{99AD1D9F-6EDF-445A-8226-E612AC3D6B9C}.Release|Any CPU.ActiveCfg = Release|Any CPU
		{99AD1D9F-6EDF-445A-8226-E612AC3D6B9C}.Release|Any CPU.Build.0 = Release|Any CPU
		{99AD1D9F-6EDF-445A-8226-E612AC3D6B9C}.SingleImage|Any CPU.ActiveCfg = Release|Any CPU
		{99AD1D9F-6EDF-445A-8226-E612AC3D6B9C}.SingleImage|Any CPU.Build.0 = Release|Any CPU
		{24E4CA31-8648-4CBF-943C-42C37BCADC63}.CD_ROM|Any CPU.ActiveCfg = Release|Any CPU
		{24E4CA31-8648-4CBF-943C-42C37BCADC63}.CD_ROM|Any CPU.Build.0 = Release|Any CPU
		{24E4CA31-8648-4CBF-943C-42C37BCADC63}.Debug|Any CPU.ActiveCfg = Debug|Any CPU
		{24E4CA31-8648-4CBF-943C-42C37BCADC63}.Debug|Any CPU.Build.0 = Debug|Any CPU
		{24E4CA31-8648-4CBF-943C-42C37BCADC63}.DVD-5|Any CPU.ActiveCfg = Debug|Any CPU
		{24E4CA31-8648-4CBF-943C-42C37BCADC63}.DVD-5|Any CPU.Build.0 = Debug|Any CPU
		{24E4CA31-8648-4CBF-943C-42C37BCADC63}.Release|Any CPU.ActiveCfg = Release|Any CPU
		{24E4CA31-8648-4CBF-943C-42C37BCADC63}.Release|Any CPU.Build.0 = Release|Any CPU
		{24E4CA31-8648-4CBF-943C-42C37BCADC63}.SingleImage|Any CPU.ActiveCfg = Release|Any CPU
		{24E4CA31-8648-4CBF-943C-42C37BCADC63}.SingleImage|Any CPU.Build.0 = Release|Any CPU
		{D7FF2115-8C88-4420-9439-628D430C8C7D}.CD_ROM|Any CPU.ActiveCfg = Release|Any CPU
		{D7FF2115-8C88-4420-9439-628D430C8C7D}.CD_ROM|Any CPU.Build.0 = Release|Any CPU
		{D7FF2115-8C88-4420-9439-628D430C8C7D}.Debug|Any CPU.ActiveCfg = Debug|Any CPU
		{D7FF2115-8C88-4420-9439-628D430C8C7D}.Debug|Any CPU.Build.0 = Debug|Any CPU
		{D7FF2115-8C88-4420-9439-628D430C8C7D}.DVD-5|Any CPU.ActiveCfg = Debug|Any CPU
		{D7FF2115-8C88-4420-9439-628D430C8C7D}.DVD-5|Any CPU.Build.0 = Debug|Any CPU
		{D7FF2115-8C88-4420-9439-628D430C8C7D}.Release|Any CPU.ActiveCfg = Release|Any CPU
		{D7FF2115-8C88-4420-9439-628D430C8C7D}.Release|Any CPU.Build.0 = Release|Any CPU
		{D7FF2115-8C88-4420-9439-628D430C8C7D}.SingleImage|Any CPU.ActiveCfg = Release|Any CPU
		{D7FF2115-8C88-4420-9439-628D430C8C7D}.SingleImage|Any CPU.Build.0 = Release|Any CPU
		{BDB0651F-0A51-46AE-AFB0-96EE83C75D9B}.CD_ROM|Any CPU.ActiveCfg = Release|Any CPU
		{BDB0651F-0A51-46AE-AFB0-96EE83C75D9B}.CD_ROM|Any CPU.Build.0 = Release|Any CPU
		{BDB0651F-0A51-46AE-AFB0-96EE83C75D9B}.Debug|Any CPU.ActiveCfg = Debug|Any CPU
		{BDB0651F-0A51-46AE-AFB0-96EE83C75D9B}.Debug|Any CPU.Build.0 = Debug|Any CPU
		{BDB0651F-0A51-46AE-AFB0-96EE83C75D9B}.DVD-5|Any CPU.ActiveCfg = Debug|Any CPU
		{BDB0651F-0A51-46AE-AFB0-96EE83C75D9B}.DVD-5|Any CPU.Build.0 = Debug|Any CPU
		{BDB0651F-0A51-46AE-AFB0-96EE83C75D9B}.Release|Any CPU.ActiveCfg = Release|Any CPU
		{BDB0651F-0A51-46AE-AFB0-96EE83C75D9B}.Release|Any CPU.Build.0 = Release|Any CPU
		{BDB0651F-0A51-46AE-AFB0-96EE83C75D9B}.SingleImage|Any CPU.ActiveCfg = Release|Any CPU
		{BDB0651F-0A51-46AE-AFB0-96EE83C75D9B}.SingleImage|Any CPU.Build.0 = Release|Any CPU
				{CF02651D-DBF6-4803-A2E2-4456E633D140}.CD_ROM|Any CPU.ActiveCfg = Release|Any CPU
		{CF02651D-DBF6-4803-A2E2-4456E633D140}.CD_ROM|Any CPU.Build.0 = Release|Any CPU
		{CF02651D-DBF6-4803-A2E2-4456E633D140}.Debug|Any CPU.ActiveCfg = Debug|Any CPU
		{CF02651D-DBF6-4803-A2E2-4456E633D140}.Debug|Any CPU.Build.0 = Debug|Any CPU
		{CF02651D-DBF6-4803-A2E2-4456E633D140}.DVD-5|Any CPU.ActiveCfg = Debug|Any CPU
		{CF02651D-DBF6-4803-A2E2-4456E633D140}.DVD-5|Any CPU.Build.0 = Debug|Any CPU
		{CF02651D-DBF6-4803-A2E2-4456E633D140}.Release|Any CPU.ActiveCfg = Release|Any CPU
		{CF02651D-DBF6-4803-A2E2-4456E633D140}.Release|Any CPU.Build.0 = Release|Any CPU
		{CF02651D-DBF6-4803-A2E2-4456E633D140}.SingleImage|Any CPU.ActiveCfg = Release|Any CPU
		{CF02651D-DBF6-4803-A2E2-4456E633D140}.SingleImage|Any CPU.Build.0 = Release|Any CPU
		{E080AFAF-C05F-456D-86AB-765F14E04655}.CD_ROM|Any CPU.ActiveCfg = Release|Any CPU
		{E080AFAF-C05F-456D-86AB-765F14E04655}.CD_ROM|Any CPU.Build.0 = Release|Any CPU
		{E080AFAF-C05F-456D-86AB-765F14E04655}.Debug|Any CPU.ActiveCfg = Debug|Any CPU
		{E080AFAF-C05F-456D-86AB-765F14E04655}.Debug|Any CPU.Build.0 = Debug|Any CPU
		{E080AFAF-C05F-456D-86AB-765F14E04655}.DVD-5|Any CPU.ActiveCfg = Debug|Any CPU
		{E080AFAF-C05F-456D-86AB-765F14E04655}.DVD-5|Any CPU.Build.0 = Debug|Any CPU
		{E080AFAF-C05F-456D-86AB-765F14E04655}.Release|Any CPU.ActiveCfg = Release|Any CPU
		{E080AFAF-C05F-456D-86AB-765F14E04655}.Release|Any CPU.Build.0 = Release|Any CPU
		{E080AFAF-C05F-456D-86AB-765F14E04655}.SingleImage|Any CPU.ActiveCfg = Release|Any CPU
		{E080AFAF-C05F-456D-86AB-765F14E04655}.SingleImage|Any CPU.Build.0 = Release|Any CPU
		{7E1F6CF0-D943-46CD-8DEC-D43927ABEC75}.CD_ROM|Any CPU.ActiveCfg = Release|Any CPU
		{7E1F6CF0-D943-46CD-8DEC-D43927ABEC75}.CD_ROM|Any CPU.Build.0 = Release|Any CPU
		{7E1F6CF0-D943-46CD-8DEC-D43927ABEC75}.Debug|Any CPU.ActiveCfg = Debug|Any CPU
		{7E1F6CF0-D943-46CD-8DEC-D43927ABEC75}.Debug|Any CPU.Build.0 = Debug|Any CPU
		{7E1F6CF0-D943-46CD-8DEC-D43927ABEC75}.DVD-5|Any CPU.ActiveCfg = Debug|Any CPU
		{7E1F6CF0-D943-46CD-8DEC-D43927ABEC75}.DVD-5|Any CPU.Build.0 = Debug|Any CPU
		{7E1F6CF0-D943-46CD-8DEC-D43927ABEC75}.Release|Any CPU.ActiveCfg = Release|Any CPU
		{7E1F6CF0-D943-46CD-8DEC-D43927ABEC75}.Release|Any CPU.Build.0 = Release|Any CPU
		{7E1F6CF0-D943-46CD-8DEC-D43927ABEC75}.SingleImage|Any CPU.ActiveCfg = Release|Any CPU
		{7E1F6CF0-D943-46CD-8DEC-D43927ABEC75}.SingleImage|Any CPU.Build.0 = Release|Any CPU
	EndGlobalSection
	GlobalSection(SolutionProperties) = preSolution
		HideSolutionNode = FALSE
	EndGlobalSection
	GlobalSection(SubversionScc) = preSolution
		Svn-Managed = True
		Manager = AnkhSVN - Subversion Support for Visual Studio
	EndGlobalSection
EndGlobal
